
Microsoft Visual Studio Solution File, Format Version 12.00
# Visual Studio Version 17
VisualStudioVersion = 17.14.37710.0
MinimumVisualStudioVersion = 10.0.40219.1
Project("{2150E333-8FDC-42A3-9474-1A3956D46DE8}") = "Task0", "Task0", "{02EA681E-C7D8-13C7-8484-4AC65E1B71E8}"
EndProject
Project("{FAE04EC0-301F-11D3-BF4B-00C04F79EFBC}") = "Tyuiu.GlebovLA.Sprint0.Task0.V0", "Tyuiu.GlebovLA.Sprint0.Task0.V0\Tyuiu.GlebovLA.Sprint0.Task0.V0.csproj", "{C17A3CB2-8029-474E-AE3F-BE41CC62E67B}"
EndProject
Project("{2150E333-8FDC-42A3-9474-1A3956D46DE8}") = "Task1", "Task1", "{92C6AC5A-767F-42FF-9168-E93C43AA05D6}"
EndProject
Project("{FAE04EC0-301F-11D3-BF4B-00C04F79EFBC}") = "Tyuiu.GlebovLA.Sprint0.Task1.V0", "Tyuiu.GlebovLA.Sprint0.Task1.V0\Tyuiu.GlebovLA.Sprint0.Task1.V0.csproj", "{67497D35-81E4-4D44-B2A8-8E435526350E}"
EndProject
Project("{2150E333-8FDC-42A3-9474-1A3956D46DE8}") = "Task2", "Task2", "{B763139B-E794-4641-AA73-FF20E998E6EF}"
EndProject
Project("{FAE04EC0-301F-11D3-BF4B-00C04F79EFBC}") = "Tyuiu.GlebovLA.Sprint0.Task2.V0", "Tyuiu.GlebovLa.Sprint0.Task2.V0\Tyuiu.GlebovLA.Sprint0.Task2.V0.csproj", "{24E60C02-0E35-4033-B266-838BC9A02D52}"
EndProject
Project("{FAE04EC0-301F-11D3-BF4B-00C04F79EFBC}") = "Tyuiu.GlebovLA.Sprint0.Task2.V0.Lib", "Tyuiu.GlebovLA.Sprint0.Task2.V0.Lib\Tyuiu.GlebovLA.Sprint0.Task2.V0.Lib.csproj", "{456991BA-80D4-4A71-9B95-71500754A8FF}"
EndProject
Project("{FAE04EC0-301F-11D3-BF4B-00C04F79EFBC}") = "Tyuiu.GlebovLA.Sprint0.Task2.V0.Test", "Tyuiu.GlebovLA.Sprint0.Task2.V0.Test\Tyuiu.GlebovLA.Sprint0.Task2.V0.Test.csproj", "{C289AC5A-C196-4099-9E05-2C595775F0CB}"
EndProject
Project("{2150E333-8FDC-42A3-9474-1A3956D46DE8}") = "Task3", "Task3", "{056BFAF9-E673-41DF-87BF-825BC876BA04}"
EndProject
Project("{FAE04EC0-301F-11D3-BF4B-00C04F79EFBC}") = "Tyuiu.GlebovLA.Sprint0.Task3.V0", "Tyuiu.GlebovLA.Sprint0.Task3.V0\Tyuiu.GlebovLA.Sprint0.Task3.V0.csproj", "{7DBD0247-A2B5-4398-9241-C0CCBF15FBDB}"
EndProject
Project("{FAE04EC0-301F-11D3-BF4B-00C04F79EFBC}") = "Tyuiu.GlebovLA.Sprint0.Task3.V0.Lib", "Tyuiu.GlebovLA.Sprint0.Task3.V0.Lib\Tyuiu.GlebovLA.Sprint0.Task3.V0.Lib.csproj", "{F1CE0E1D-974F-4470-B131-C85C1169053B}"
EndProject
Project("{FAE04EC0-301F-11D3-BF4B-00C04F79EFBC}") = "Tyuiu.GlebovLA.Sprint0.Task3.V0.Test", "Tyuiu.GlebovLA.Sprint0.Task3.V0.Test\Tyuiu.GlebovLA.Sprint0.Task3.V0.Test.csproj", "{DD31189D-A31F-4849-8F55-1A622CAB8D03}"
EndProject
Global
	GlobalSection(SolutionConfigurationPlatforms) = preSolution
		Debug|Any CPU = Debug|Any CPU
		Release|Any CPU = Release|Any CPU
	EndGlobalSection
	GlobalSection(ProjectConfigurationPlatforms) = postSolution
		{C17A3CB2-8029-474E-AE3F-BE41CC62E67B}.Debug|Any CPU.ActiveCfg = Debug|Any CPU
		{C17A3CB2-8029-474E-AE3F-BE41CC62E67B}.Debug|Any CPU.Build.0 = Debug|Any CPU
		{C17A3CB2-8029-474E-AE3F-BE41CC62E67B}.Release|Any CPU.ActiveCfg = Release|Any CPU
		{C17A3CB2-8029-474E-AE3F-BE41CC62E67B}.Release|Any CPU.Build.0 = Release|Any CPU
		{67497D35-81E4-4D44-B2A8-8E435526350E}.Debug|Any CPU.ActiveCfg = Debug|Any CPU
		{67497D35-81E4-4D44-B2A8-8E435526350E}.Debug|Any CPU.Build.0 = Debug|Any CPU
		{67497D35-81E4-4D44-B2A8-8E435526350E}.Release|Any CPU.ActiveCfg = Release|Any CPU
		{67497D35-81E4-4D44-B2A8-8E435526350E}.Release|Any CPU.Build.0 = Release|Any CPU
		{24E60C02-0E35-4033-B266-838BC9A02D52}.Debug|Any CPU.ActiveCfg = Debug|Any CPU
		{24E60C02-0E35-4033-B266-838BC9A02D52}.Debug|Any CPU.Build.0 = Debug|Any CPU
		{24E60C02-0E35-4033-B266-838BC9A02D52}.Release|Any CPU.ActiveCfg = Release|Any CPU
		{24E60C02-0E35-4033-B266-838BC9A02D52}.Release|Any CPU.Build.0 = Release|Any CPU
		{456991BA-80D4-4A71-9B95-71500754A8FF}.Debug|Any CPU.ActiveCfg = Debug|Any CPU
		{456991BA-80D4-4A71-9B95-71500754A8FF}.Debug|Any CPU.Build.0 = Debug|Any CPU
		{456991BA-80D4-4A71-9B95-71500754A8FF}.Release|Any CPU.ActiveCfg = Release|Any CPU
		{456991BA-80D4-4A71-9B95-71500754A8FF}.Release|Any CPU.Build.0 = Release|Any CPU
		{C289AC5A-C196-4099-9E05-2C595775F0CB}.Debug|Any CPU.ActiveCfg = Debug|Any CPU
		{C289AC5A-C196-4099-9E05-2C595775F0CB}.Debug|Any CPU.Build.0 = Debug|Any CPU
		{C289AC5A-C196-4099-9E05-2C595775F0CB}.Release|Any CPU.ActiveCfg = Release|Any CPU
		{C289AC5A-C196-4099-9E05-2C595775F0CB}.Release|Any CPU.Build.0 = Release|Any CPU
		{7DBD0247-A2B5-4398-9241-C0CCBF15FBDB}.Debug|Any CPU.ActiveCfg = Debug|Any CPU
		{7DBD0247-A2B5-4398-9241-C0CCBF15FBDB}.Debug|Any CPU.Build.0 = Debug|Any CPU
		{7DBD0247-A2B5-4398-9241-C0CCBF15FBDB}.Release|Any CPU.ActiveCfg = Release|Any CPU
		{7DBD0247-A2B5-4398-9241-C0CCBF15FBDB}.Release|Any CPU.Build.0 = Release|Any CPU
		{F1CE0E1D-974F-4470-B131-C85C1169053B}.Debug|Any CPU.ActiveCfg = Debug|Any CPU
		{F1CE0E1D-974F-4470-B131-C85C1169053B}.Debug|Any CPU.Build.0 = Debug|Any CPU
		{F1CE0E1D-974F-4470-B131-C85C1169053B}.Release|Any CPU.ActiveCfg = Release|Any CPU
		{F1CE0E1D-974F-4470-B131-C85C1169053B}.Release|Any CPU.Build.0 = Release|Any CPU
		{DD31189D-A31F-4849-8F55-1A622CAB8D03}.Debug|Any CPU.ActiveCfg = Debug|Any CPU
		{DD31189D-A31F-4849-8F55-1A622CAB8D03}.Debug|Any CPU.Build.0 = Debug|Any CPU
		{DD31189D-A31F-4849-8F55-1A622CAB8D03}.Release|Any CPU.ActiveCfg = Release|Any CPU
		{DD31189D-A31F-4849-8F55-1A622CAB8D03}.Release|Any CPU.Build.0 = Release|Any CPU
	EndGlobalSection
	GlobalSection(SolutionProperties) = preSolution
		HideSolutionNode = FALSE
	EndGlobalSection
	GlobalSection(NestedProjects) = preSolution
		{C17A3CB2-8029-474E-AE3F-BE41CC62E67B} = {02EA681E-C7D8-13C7-8484-4AC65E1B71E8}
		{67497D35-81E4-4D44-B2A8-8E435526350E} = {92C6AC5A-767F-42FF-9168-E93C43AA05D6}
		{24E60C02-0E35-4033-B266-838BC9A02D52} = {B763139B-E794-4641-AA73-FF20E998E6EF}
		{456991BA-80D4-4A71-9B95-71500754A8FF} = {B763139B-E794-4641-AA73-FF20E998E6EF}
		{C289AC5A-C196-4099-9E05-2C595775F0CB} = {B763139B-E794-4641-AA73-FF20E998E6EF}
		{7DBD0247-A2B5-4398-9241-C0CCBF15FBDB} = {056BFAF9-E673-41DF-87BF-825BC876BA04}
		{F1CE0E1D-974F-4470-B131-C85C1169053B} = {056BFAF9-E673-41DF-87BF-825BC876BA04}
		{DD31189D-A31F-4849-8F55-1A622CAB8D03} = {056BFAF9-E673-41DF-87BF-825BC876BA04}
	EndGlobalSection
	GlobalSection(ExtensibilityGlobals) = postSolution
		SolutionGuid = {9B4A2106-124D-4028-9707-1BFEFA194725}
	EndGlobalSection
EndGlobal
